
Microsoft Visual Studio Solution File, Format Version 12.00
# Visual Studio Version 16
VisualStudioVersion = 16.0.29806.167
MinimumVisualStudioVersion = 10.0.40219.1
Project("{9A19103F-16F7-4668-BE54-9A1E7A4F7556}") = "WebApplication1", "WebApplication1\WebApplication1.csproj", "{40911C6B-BC40-4248-BD42-DFE3AA0DCFB9}"
EndProject
Global
	GlobalSection(SolutionConfigurationPlatforms) = preSolution
		Debug|Any CPU = Debug|Any CPU
		Release|Any CPU = Release|Any CPU
	EndGlobalSection
	GlobalSection(ProjectConfigurationPlatforms) = postSolution
		{40911C6B-BC40-4248-BD42-DFE3AA0DCFB9}.Debug|Any CPU.ActiveCfg = Debug|Any CPU
		{40911C6B-BC40-4248-BD42-DFE3AA0DCFB9}.Debug|Any CPU.Build.0 = Debug|Any CPU
		{40911C6B-BC40-4248-BD42-DFE3AA0DCFB9}.Release|Any CPU.ActiveCfg = Release|Any CPU
		{40911C6B-BC40-4248-BD42-DFE3AA0DCFB9}.Release|Any CPU.Build.0 = Release|Any CPU
	EndGlobalSection
	GlobalSection(SolutionProperties) = preSolution
		HideSolutionNode = FALSE
	EndGlobalSection
	GlobalSection(ExtensibilityGlobals) = postSolution
		SolutionGuid = {92A501FE-12E6-439C-A08B-3B134146B35A}
	EndGlobalSection
EndGlobal
